
Microsoft Visual Studio Solution File, Format Version 12.00
# Visual Studio Version 17
VisualStudioVersion = 17.7.34018.315
MinimumVisualStudioVersion = 10.0.40219.1
Project("{FAE04EC0-301F-11D3-BF4B-00C04F79EFBC}") = "ConsoleApp3", "ConsoleApp3\ConsoleApp3.csproj", "{12E767FF-5DEF-4BBC-9085-250F1E7B1003}"
EndProject
Global
	GlobalSection(SolutionConfigurationPlatforms) = preSolution
		Debug|Any CPU = Debug|Any CPU
		Release|Any CPU = Release|Any CPU
	EndGlobalSection
	GlobalSection(ProjectConfigurationPlatforms) = postSolution
		{12E767FF-5DEF-4BBC-9085-250F1E7B1003}.Debug|Any CPU.ActiveCfg = Debug|Any CPU
		{12E767FF-5DEF-4BBC-9085-250F1E7B1003}.Debug|Any CPU.Build.0 = Debug|Any CPU
		{12E767FF-5DEF-4BBC-9085-250F1E7B1003}.Release|Any CPU.ActiveCfg = Release|Any CPU
		{12E767FF-5DEF-4BBC-9085-250F1E7B1003}.Release|Any CPU.Build.0 = Release|Any CPU
	EndGlobalSection
	GlobalSection(SolutionProperties) = preSolution
		HideSolutionNode = FALSE
	EndGlobalSection
	GlobalSection(ExtensibilityGlobals) = postSolution
		SolutionGuid = {C8167248-9850-4656-871A-93B573BB6496}
	EndGlobalSection
EndGlobal
